
Microsoft Visual Studio Solution File, Format Version 12.00
# Visual Studio Version 16
VisualStudioVersion = 16.0.30413.136
MinimumVisualStudioVersion = 10.0.40219.1
Project("{9A19103F-16F7-4668-BE54-9A1E7A4F7556}") = "Api", "Api\Api.csproj", "{A3784E6F-4E9B-475F-9468-612F2372006D}"
EndProject
Project("{9A19103F-16F7-4668-BE54-9A1E7A4F7556}") = "Api.Test", "Api.Test\Api.Test.csproj", "{799112C4-0B84-4524-B48B-87F1025852B2}"
EndProject
Project("{FAE04EC0-301F-11D3-BF4B-00C04F79EFBC}") = "Api.FunctionalTest", "Api.FunctionalTest\Api.FunctionalTest.csproj", "{6FE782AF-D7A9-4E18-A087-463721B498DB}"
EndProject
Global
	GlobalSection(SolutionConfigurationPlatforms) = preSolution
		Debug|Any CPU = Debug|Any CPU
		Release|Any CPU = Release|Any CPU
	EndGlobalSection
	GlobalSection(ProjectConfigurationPlatforms) = postSolution
		{A3784E6F-4E9B-475F-9468-612F2372006D}.Debug|Any CPU.ActiveCfg = Debug|Any CPU
		{A3784E6F-4E9B-475F-9468-612F2372006D}.Debug|Any CPU.Build.0 = Debug|Any CPU
		{A3784E6F-4E9B-475F-9468-612F2372006D}.Release|Any CPU.ActiveCfg = Release|Any CPU
		{A3784E6F-4E9B-475F-9468-612F2372006D}.Release|Any CPU.Build.0 = Release|Any CPU
		{799112C4-0B84-4524-B48B-87F1025852B2}.Debug|Any CPU.ActiveCfg = Debug|Any CPU
		{799112C4-0B84-4524-B48B-87F1025852B2}.Debug|Any CPU.Build.0 = Debug|Any CPU
		{799112C4-0B84-4524-B48B-87F1025852B2}.Release|Any CPU.ActiveCfg = Release|Any CPU
		{799112C4-0B84-4524-B48B-87F1025852B2}.Release|Any CPU.Build.0 = Release|Any CPU
		{6FE782AF-D7A9-4E18-A087-463721B498DB}.Debug|Any CPU.ActiveCfg = Debug|Any CPU
		{6FE782AF-D7A9-4E18-A087-463721B498DB}.Debug|Any CPU.Build.0 = Debug|Any CPU
		{6FE782AF-D7A9-4E18-A087-463721B498DB}.Release|Any CPU.ActiveCfg = Release|Any CPU
		{6FE782AF-D7A9-4E18-A087-463721B498DB}.Release|Any CPU.Build.0 = Release|Any CPU
	EndGlobalSection
	GlobalSection(SolutionProperties) = preSolution
		HideSolutionNode = FALSE
	EndGlobalSection
	GlobalSection(ExtensibilityGlobals) = postSolution
		SolutionGuid = {B4589ECB-9E74-4299-B749-E52C0CBE423E}
	EndGlobalSection
EndGlobal
